Microsoft Visual Studio Solution File, Format Version 12.00
# Visual Studio Version 17
VisualStudioVersion = 17.5.2.0
MinimumVisualStudioVersion = 10.0.40219.1
Project("{FAE04EC0-301F-11D3-BF4B-00C04F79EFBC}") = "CirclePaintingSim", "CirclePaintingSim\CirclePaintingSim.csproj", "{58D94CD8-485C-E991-4452-476D4A1CDB56}"
EndProject
Global
	GlobalSection(SolutionConfigurationPlatforms) = preSolution
		Debug|Any CPU = Debug|Any CPU
		Release|Any CPU = Release|Any CPU
	EndGlobalSection
	GlobalSection(ProjectConfigurationPlatforms) = postSolution
		{58D94CD8-485C-E991-4452-476D4A1CDB56}.Debug|Any CPU.ActiveCfg = Debug|Any CPU
		{58D94CD8-485C-E991-4452-476D4A1CDB56}.Debug|Any CPU.Build.0 = Debug|Any CPU
		{58D94CD8-485C-E991-4452-476D4A1CDB56}.Release|Any CPU.ActiveCfg = Release|Any CPU
		{58D94CD8-485C-E991-4452-476D4A1CDB56}.Release|Any CPU.Build.0 = Release|Any CPU
	EndGlobalSection
	GlobalSection(SolutionProperties) = preSolution
		HideSolutionNode = FALSE
	EndGlobalSection
	GlobalSection(ExtensibilityGlobals) = postSolution
		SolutionGuid = {B785C87F-BF66-4931-9727-3EAC038BA68B}
	EndGlobalSection
EndGlobal
